// !$*UTF8*$!
{
	archiveVersion = 1;
	classes = {
	};
	objectVersion = 50;
	objects = {

/* Begin PBXBuildFile section */
		94A608EE249EEE7100BE8DF0 /* AppDelegate.swift in Sources */ = {isa = PBXBuildFile; fileRef = 94A608ED249EEE7100BE8DF0 /* AppDelegate.swift */; };
		94A608F0249EEE7100BE8DF0 /* SceneDelegate.swift in Sources */ = {isa = PBXBuildFile; fileRef = 94A608EF249EEE7100BE8DF0 /* SceneDelegate.swift */; };
		94A608F4249EEE7400BE8DF0 /* Assets.xcassets in Resources */ = {isa = PBXBuildFile; fileRef = 94A608F3249EEE7400BE8DF0 /* Assets.xcassets */; };
		94A608F7249EEE7400BE8DF0 /* Preview Assets.xcassets in Resources */ = {isa = PBXBuildFile; fileRef = 94A608F6249EEE7400BE8DF0 /* Preview Assets.xcassets */; };
		94A608FA249EEE7400BE8DF0 /* LaunchScreen.storyboard in Resources */ = {isa = PBXBuildFile; fileRef = 94A608F8249EEE7400BE8DF0 /* LaunchScreen.storyboard */; };
		94A60904249EF31A00BE8DF0 /* SortingHat.swift in Sources */ = {isa = PBXBuildFile; fileRef = 94A60903249EF31A00BE8DF0 /* SortingHat.swift */; };
		94A60906249EF38A00BE8DF0 /* vOnboarding.swift in Sources */ = {isa = PBXBuildFile; fileRef = 94A60905249EF38A00BE8DF0 /* vOnboarding.swift */; };
		94A60908249EF3B700BE8DF0 /* vmOnboardingLogic.swift in Sources */ = {isa = PBXBuildFile; fileRef = 94A60907249EF3B700BE8DF0 /* vmOnboardingLogic.swift */; };
		94A6090A249EF3DD00BE8DF0 /* mOnboardingContent.swift in Sources */ = {isa = PBXBuildFile; fileRef = 94A60909249EF3DD00BE8DF0 /* mOnboardingContent.swift */; };
		94A6090D249EF45E00BE8DF0 /* vOnboardingPage.swift in Sources */ = {isa = PBXBuildFile; fileRef = 94A6090C249EF45E00BE8DF0 /* vOnboardingPage.swift */; };
		94A6090F249EF4B000BE8DF0 /* vControlButtons.swift in Sources */ = {isa = PBXBuildFile; fileRef = 94A6090E249EF4B000BE8DF0 /* vControlButtons.swift */; };
		94A60911249EF50300BE8DF0 /* vDebugButton.swift in Sources */ = {isa = PBXBuildFile; fileRef = 94A60910249EF50300BE8DF0 /* vDebugButton.swift */; };
		94A60914249EF52C00BE8DF0 /* Animation.swift in Sources */ = {isa = PBXBuildFile; fileRef = 94A60913249EF52C00BE8DF0 /* Animation.swift */; };
		94A60917249F1A5600BE8DF0 /* vInitial.swift in Sources */ = {isa = PBXBuildFile; fileRef = 94A60916249F1A5600BE8DF0 /* vInitial.swift */; };
/* End PBXBuildFile section */

/* Begin PBXFileReference section */
		94A608EA249EEE7100BE8DF0 /* OnboardingSwiftUI.app */ = {isa = PBXFileReference; explicitFileType = wrapper.application; includeInIndex = 0; path = OnboardingSwiftUI.app; sourceTree = BUILT_PRODUCTS_DIR; };
		94A608ED249EEE7100BE8DF0 /* AppDelegate.swift */ = {isa = PBXFileReference; lastKnownFileType = sourcecode.swift; path = AppDelegate.swift; sourceTree = "<group>"; };
		94A608EF249EEE7100BE8DF0 /* SceneDelegate.swift */ = {isa = PBXFileReference; lastKnownFileType = sourcecode.swift; path = SceneDelegate.swift; sourceTree = "<group>"; };
		94A608F3249EEE7400BE8DF0 /* Assets.xcassets */ = {isa = PBXFileReference; lastKnownFileType = folder.assetcatalog; path = Assets.xcassets; sourceTree = "<group>"; };
		94A608F6249EEE7400BE8DF0 /* Preview Assets.xcassets */ = {isa = PBXFileReference; lastKnownFileType = folder.assetcatalog; path = "Preview Assets.xcassets"; sourceTree = "<group>"; };
		94A608F9249EEE7400BE8DF0 /* Base */ = {isa = PBXFileReference; lastKnownFileType = file.storyboard; name = Base; path = Base.lproj/LaunchScreen.storyboard; sourceTree = "<group>"; };
		94A608FB249EEE7400BE8DF0 /* Info.plist */ = {isa = PBXFileReference; lastKnownFileType = text.plist.xml; path = Info.plist; sourceTree = "<group>"; };
		94A60903249EF31A00BE8DF0 /* SortingHat.swift */ = {isa = PBXFileReference; lastKnownFileType = sourcecode.swift; path = SortingHat.swift; sourceTree = "<group>"; };
		94A60905249EF38A00BE8DF0 /* vOnboarding.swift */ = {isa = PBXFileReference; lastKnownFileType = sourcecode.swift; path = vOnboarding.swift; sourceTree = "<group>"; };
		94A60907249EF3B700BE8DF0 /* vmOnboardingLogic.swift */ = {isa = PBXFileReference; lastKnownFileType = sourcecode.swift; path = vmOnboardingLogic.swift; sourceTree = "<group>"; };
		94A60909249EF3DD00BE8DF0 /* mOnboardingContent.swift */ = {isa = PBXFileReference; lastKnownFileType = sourcecode.swift; path = mOnboardingContent.swift; sourceTree = "<group>"; };
		94A6090C249EF45E00BE8DF0 /* vOnboardingPage.swift */ = {isa = PBXFileReference; lastKnownFileType = sourcecode.swift; path = vOnboardingPage.swift; sourceTree = "<group>"; };
		94A6090E249EF4B000BE8DF0 /* vControlButtons.swift */ = {isa = PBXFileReference; lastKnownFileType = sourcecode.swift; path = vControlButtons.swift; sourceTree = "<group>"; };
		94A60910249EF50300BE8DF0 /* vDebugButton.swift */ = {isa = PBXFileReference; lastKnownFileType = sourcecode.swift; path = vDebugButton.swift; sourceTree = "<group>"; };
		94A60913249EF52C00BE8DF0 /* Animation.swift */ = {isa = PBXFileReference; lastKnownFileType = sourcecode.swift; path = Animation.swift; sourceTree = "<group>"; };
		94A60915249EF86300BE8DF0 /* OnboardingSwiftUI.entitlements */ = {isa = PBXFileReference; lastKnownFileType = text.plist.entitlements; path = OnboardingSwiftUI.entitlements; sourceTree = "<group>"; };
		94A60916249F1A5600BE8DF0 /* vInitial.swift */ = {isa = PBXFileReference; lastKnownFileType = sourcecode.swift; path = vInitial.swift; sourceTree = "<group>"; };
/* End PBXFileReference section */

/* Begin PBXFrameworksBuildPhase section */
		94A608E7249EEE7100BE8DF0 /* Frameworks */ = {
			isa = PBXFrameworksBuildPhase;
			buildActionMask = 2147483647;
			files = (
			);
			runOnlyForDeploymentPostprocessing = 0;
		};
/* End PBXFrameworksBuildPhase section */

/* Begin PBXGroup section */
		94A608E1249EEE7100BE8DF0 = {
			isa = PBXGroup;
			children = (
				94A608EC249EEE7100BE8DF0 /* OnboardingSwiftUI */,
				94A608EB249EEE7100BE8DF0 /* Products */,
			);
			sourceTree = "<group>";
		};
		94A608EB249EEE7100BE8DF0 /* Products */ = {
			isa = PBXGroup;
			children = (
				94A608EA249EEE7100BE8DF0 /* OnboardingSwiftUI.app */,
			);
			name = Products;
			sourceTree = "<group>";
		};
		94A608EC249EEE7100BE8DF0 /* OnboardingSwiftUI */ = {
			isa = PBXGroup;
			children = (
				94A60915249EF86300BE8DF0 /* OnboardingSwiftUI.entitlements */,
				94A60912249EF51E00BE8DF0 /* Support */,
				94A60902249EF27900BE8DF0 /* Onboarding */,
				94A60901249EF26D00BE8DF0 /* Views */,
				94A608ED249EEE7100BE8DF0 /* AppDelegate.swift */,
				94A608EF249EEE7100BE8DF0 /* SceneDelegate.swift */,
				94A608F3249EEE7400BE8DF0 /* Assets.xcassets */,
				94A608F8249EEE7400BE8DF0 /* LaunchScreen.storyboard */,
				94A608FB249EEE7400BE8DF0 /* Info.plist */,
				94A608F5249EEE7400BE8DF0 /* Preview Content */,
			);
			path = OnboardingSwiftUI;
			sourceTree = "<group>";
		};
		94A608F5249EEE7400BE8DF0 /* Preview Content */ = {
			isa = PBXGroup;
			children = (
				94A608F6249EEE7400BE8DF0 /* Preview Assets.xcassets */,
			);
			path = "Preview Content";
			sourceTree = "<group>";
		};
		94A60901249EF26D00BE8DF0 /* Views */ = {
			isa = PBXGroup;
			children = (
				94A60916249F1A5600BE8DF0 /* vInitial.swift */,
			);
			path = Views;
			sourceTree = "<group>";
		};
		94A60902249EF27900BE8DF0 /* Onboarding */ = {
			isa = PBXGroup;
			children = (
				94A60909249EF3DD00BE8DF0 /* mOnboardingContent.swift */,
				94A60903249EF31A00BE8DF0 /* SortingHat.swift */,
				94A60905249EF38A00BE8DF0 /* vOnboarding.swift */,
				94A60907249EF3B700BE8DF0 /* vmOnboardingLogic.swift */,
				94A6090B249EF43D00BE8DF0 /* Subviews */,
			);
			path = Onboarding;
			sourceTree = "<group>";
		};
		94A6090B249EF43D00BE8DF0 /* Subviews */ = {
			isa = PBXGroup;
			children = (
				94A6090C249EF45E00BE8DF0 /* vOnboardingPage.swift */,
				94A6090E249EF4B000BE8DF0 /* vControlButtons.swift */,
				94A60910249EF50300BE8DF0 /* vDebugButton.swift */,
			);
			path = Subviews;
			sourceTree = "<group>";
		};
		94A60912249EF51E00BE8DF0 /* Support */ = {
			isa = PBXGroup;
			children = (
				94A60913249EF52C00BE8DF0 /* Animation.swift */,
			);
			path = Support;
			sourceTree = "<group>";
		};
/* End PBXGroup section */

/* Begin PBXNativeTarget section */
		94A608E9249EEE7100BE8DF0 /* OnboardingSwiftUI */ = {
			isa = PBXNativeTarget;
			buildConfigurationList = 94A608FE249EEE7400BE8DF0 /* Build configuration list for PBXNativeTarget "OnboardingSwiftUI" */;
			buildPhases = (
				94A608E6249EEE7100BE8DF0 /* Sources */,
				94A608E7249EEE7100BE8DF0 /* Frameworks */,
				94A608E8249EEE7100BE8DF0 /* Resources */,
			);
			buildRules = (
			);
			dependencies = (
			);
			name = OnboardingSwiftUI;
			productName = OnboardingSwiftUI;
			productReference = 94A608EA249EEE7100BE8DF0 /* OnboardingSwiftUI.app */;
			productType = "com.apple.product-type.application";
		};
/* End PBXNativeTarget section */

/* Begin PBXProject section */
		94A608E2249EEE7100BE8DF0 /* Project object */ = {
			isa = PBXProject;
			attributes = {
				LastSwiftUpdateCheck = 1150;
				LastUpgradeCheck = 1150;
				ORGANIZATIONNAME = Wingover;
				TargetAttributes = {
					94A608E9249EEE7100BE8DF0 = {
						CreatedOnToolsVersion = 11.5;
					};
				};
			};
			buildConfigurationList = 94A608E5249EEE7100BE8DF0 /* Build configuration list for PBXProject "OnboardingSwiftUI" */;
			compatibilityVersion = "Xcode 9.3";
			developmentRegion = en;
			hasScannedForEncodings = 0;
			knownRegions = (
				en,
				Base,
			);
			mainGroup = 94A608E1249EEE7100BE8DF0;
			productRefGroup = 94A608EB249EEE7100BE8DF0 /* Products */;
			projectDirPath = "";
			projectRoot = "";
			targets = (
				94A608E9249EEE7100BE8DF0 /* OnboardingSwiftUI */,
			);
		};
/* End PBXProject section */

/* Begin PBXResourcesBuildPhase section */
		94A608E8249EEE7100BE8DF0 /* Resources */ = {
			isa = PBXResourcesBuildPhase;
			buildActionMask = 2147483647;
			files = (
				94A608FA249EEE7400BE8DF0 /* LaunchScreen.storyboard in Resources */,
				94A608F7249EEE7400BE8DF0 /* Preview Assets.xcassets in Resources */,
				94A608F4249EEE7400BE8DF0 /* Assets.xcassets in Resources */,
			);
			runOnlyForDeploymentPostprocessing = 0;
		};
/* End PBXResourcesBuildPhase section */

/* Begin PBXSourcesBuildPhase section */
		94A608E6249EEE7100BE8DF0 /* Sources */ = {
			isa = PBXSourcesBuildPhase;
			buildActionMask = 2147483647;
			files = (
				94A60917249F1A5600BE8DF0 /* vInitial.swift in Sources */,
				94A60914249EF52C00BE8DF0 /* Animation.swift in Sources */,
				94A60906249EF38A00BE8DF0 /* vOnboarding.swift in Sources */,
				94A6090A249EF3DD00BE8DF0 /* mOnboardingContent.swift in Sources */,
				94A608EE249EEE7100BE8DF0 /* AppDelegate.swift in Sources */,
				94A60908249EF3B700BE8DF0 /* vmOnboardingLogic.swift in Sources */,
				94A608F0249EEE7100BE8DF0 /* SceneDelegate.swift in Sources */,
				94A60904249EF31A00BE8DF0 /* SortingHat.swift in Sources */,
				94A6090F249EF4B000BE8DF0 /* vControlButtons.swift in Sources */,
				94A6090D249EF45E00BE8DF0 /* vOnboardingPage.swift in Sources */,
				94A60911249EF50300BE8DF0 /* vDebugButton.swift in Sources */,
			);
			runOnlyForDeploymentPostprocessing = 0;
		};
/* End PBXSourcesBuildPhase section */

/* Begin PBXVariantGroup section */
		94A608F8249EEE7400BE8DF0 /* LaunchScreen.storyboard */ = {
			isa = PBXVariantGroup;
			children = (
				94A608F9249EEE7400BE8DF0 /* Base */,
			);
			name = LaunchScreen.storyboard;
			sourceTree = "<group>";
		};
/* End PBXVariantGroup section */

/* Begin XCBuildConfiguration section */
		94A608FC249EEE7400BE8DF0 /* Debug */ = {
			isa = XCBuildConfiguration;
			buildSettings = {
				ALWAYS_SEARCH_USER_PATHS = NO;
				CLANG_ANALYZER_NONNULL = YES;
				CLANG_ANALYZER_NUMBER_OBJECT_CONVERSION = YES_AGGRESSIVE;
				CLANG_CXX_LANGUAGE_STANDARD = "gnu++14";
				CLANG_CXX_LIBRARY = "libc++";
				CLANG_ENABLE_MODULES = YES;
				CLANG_ENABLE_OBJC_ARC = YES;
				CLANG_ENABLE_OBJC_WEAK = YES;
				CLANG_WARN_BLOCK_CAPTURE_AUTORELEASING = YES;
				CLANG_WARN_BOOL_CONVERSION = YES;
				CLANG_WARN_COMMA = YES;
				CLANG_WARN_CONSTANT_CONVERSION = YES;
				CLANG_WARN_DEPRECATED_OBJC_IMPLEMENTATIONS = YES;
				CLANG_WARN_DIRECT_OBJC_ISA_USAGE = YES_ERROR;
				CLANG_WARN_DOCUMENTATION_COMMENTS = YES;
				CLANG_WARN_EMPTY_BODY = YES;
				CLANG_WARN_ENUM_CONVERSION = YES;
				CLANG_WARN_INFINITE_RECURSION = YES;
				CLANG_WARN_INT_CONVERSION = YES;
				CLANG_WARN_NON_LITERAL_NULL_CONVERSION = YES;
				CLANG_WARN_OBJC_IMPLICIT_RETAIN_SELF = YES;
				CLANG_WARN_OBJC_LITERAL_CONVERSION = YES;
				CLANG_WARN_OBJC_ROOT_CLASS = YES_ERROR;
				CLANG_WARN_RANGE_LOOP_ANALYSIS = YES;
				CLANG_WARN_STRICT_PROTOTYPES = YES;
				CLANG_WARN_SUSPICIOUS_MOVE = YES;
				CLANG_WARN_UNGUARDED_AVAILABILITY = YES_AGGRESSIVE;
				CLANG_WARN_UNREACHABLE_CODE = YES;
				CLANG_WARN__DUPLICATE_METHOD_MATCH = YES;
				COPY_PHASE_STRIP = NO;
				DEBUG_INFORMATION_FORMAT = dwarf;
				ENABLE_STRICT_OBJC_MSGSEND = YES;
				ENABLE_TESTABILITY = YES;
				GCC_C_LANGUAGE_STANDARD = gnu11;
				GCC_DYNAMIC_NO_PIC = NO;
				GCC_NO_COMMON_BLOCKS = YES;
				GCC_OPTIMIZATION_LEVEL = 0;
				GCC_PREPROCESSOR_DEFINITIONS = (
					"DEBUG=1",
					"$(inherited)",
				);
				GCC_WARN_64_TO_32_BIT_CONVERSION = YES;
				GCC_WARN_ABOUT_RETURN_TYPE = YES_ERROR;
				GCC_WARN_UNDECLARED_SELECTOR = YES;
				GCC_WARN_UNINITIALIZED_AUTOS = YES_AGGRESSIVE;
				GCC_WARN_UNUSED_FUNCTION = YES;
				GCC_WARN_UNUSED_VARIABLE = YES;
				IPHONEOS_DEPLOYMENT_TARGET = 13.5;
				MTL_ENABLE_DEBUG_INFO = INCLUDE_SOURCE;
				MTL_FAST_MATH = YES;
				ONLY_ACTIVE_ARCH = YES;
				SDKROOT = iphoneos;
				SWIFT_ACTIVE_COMPILATION_CONDITIONS = DEBUG;
				SWIFT_OPTIMIZATION_LEVEL = "-Onone";
			};
			name = Debug;
		};
		94A608FD249EEE7400BE8DF0 /* Release */ = {
			isa = XCBuildConfiguration;
			buildSettings = {
				ALWAYS_SEARCH_USER_PATHS = NO;
				CLANG_ANALYZER_NONNULL = YES;
				CLANG_ANALYZER_NUMBER_OBJECT_CONVERSION = YES_AGGRESSIVE;
				CLANG_CXX_LANGUAGE_STANDARD = "gnu++14";
				CLANG_CXX_LIBRARY = "libc++";
				CLANG_ENABLE_MODULES = YES;
				CLANG_ENABLE_OBJC_ARC = YES;
				CLANG_ENABLE_OBJC_WEAK = YES;
				CLANG_WARN_BLOCK_CAPTURE_AUTORELEASING = YES;
				CLANG_WARN_BOOL_CONVERSION = YES;
				CLANG_WARN_COMMA = YES;
				CLANG_WARN_CONSTANT_CONVERSION = YES;
				CLANG_WARN_DEPRECATED_OBJC_IMPLEMENTATIONS = YES;
				CLANG_WARN_DIRECT_OBJC_ISA_USAGE = YES_ERROR;
				CLANG_WARN_DOCUMENTATION_COMMENTS = YES;
				CLANG_WARN_EMPTY_BODY = YES;
				CLANG_WARN_ENUM_CONVERSION = YES;
				CLANG_WARN_INFINITE_RECURSION = YES;
				CLANG_WARN_INT_CONVERSION = YES;
				CLANG_WARN_NON_LITERAL_NULL_CONVERSION = YES;
				CLANG_WARN_OBJC_IMPLICIT_RETAIN_SELF = YES;
				CLANG_WARN_OBJC_LITERAL_CONVERSION = YES;
				CLANG_WARN_OBJC_ROOT_CLASS = YES_ERROR;
				CLANG_WARN_RANGE_LOOP_ANALYSIS = YES;
				CLANG_WARN_STRICT_PROTOTYPES = YES;
				CLANG_WARN_SUSPICIOUS_MOVE = YES;
				CLANG_WARN_UNGUARDED_AVAILABILITY = YES_AGGRESSIVE;
				CLANG_WARN_UNREACHABLE_CODE = YES;
				CLANG_WARN__DUPLICATE_METHOD_MATCH = YES;
				COPY_PHASE_STRIP = NO;
				DEBUG_INFORMATION_FORMAT = "dwarf-with-dsym";
				ENABLE_NS_ASSERTIONS = NO;
				ENABLE_STRICT_OBJC_MSGSEND = YES;
				GCC_C_LANGUAGE_STANDARD = gnu11;
				GCC_NO_COMMON_BLOCKS = YES;
				GCC_WARN_64_TO_32_BIT_CONVERSION = YES;
				GCC_WARN_ABOUT_RETURN_TYPE = YES_ERROR;
				GCC_WARN_UNDECLARED_SELECTOR = YES;
				GCC_WARN_UNINITIALIZED_AUTOS = YES_AGGRESSIVE;
				GCC_WARN_UNUSED_FUNCTION = YES;
				GCC_WARN_UNUSED_VARIABLE = YES;
				IPHONEOS_DEPLOYMENT_TARGET = 13.5;
				MTL_ENABLE_DEBUG_INFO = NO;
				MTL_FAST_MATH = YES;
				SDKROOT = iphoneos;
				SWIFT_COMPILATION_MODE = wholemodule;
				SWIFT_OPTIMIZATION_LEVEL = "-O";
				VALIDATE_PRODUCT = YES;
			};
			name = Release;
		};
		94A608FF249EEE7400BE8DF0 /* Debug */ = {
			isa = XCBuildConfiguration;
			buildSettings = {
				ASSETCATALOG_COMPILER_APPICON_NAME = AppIcon;
				CODE_SIGN_ENTITLEMENTS = OnboardingSwiftUI/OnboardingSwiftUI.entitlements;
				CODE_SIGN_STYLE = Automatic;
				DEVELOPMENT_ASSET_PATHS = "\"OnboardingSwiftUI/Preview Content\"";
				DEVELOPMENT_TEAM = FVC2SFVFYG;
				ENABLE_PREVIEWS = YES;
				INFOPLIST_FILE = OnboardingSwiftUI/Info.plist;
				IPHONEOS_DEPLOYMENT_TARGET = 13.4;
				LD_RUNPATH_SEARCH_PATHS = (
					"$(inherited)",
					"@executable_path/Frameworks",
				);
				PRODUCT_BUNDLE_IDENTIFIER = wingover.OnboardingSwiftUI;
				PRODUCT_NAME = "$(TARGET_NAME)";
				SUPPORTS_MACCATALYST = YES;
				SWIFT_VERSION = 5.0;
				TARGETED_DEVICE_FAMILY = "1,2";
			};
			name = Debug;
		};
		94A60900249EEE7400BE8DF0 /* Release */ = {
			isa = XCBuildConfiguration;
			buildSettings = {
				ASSETCATALOG_COMPILER_APPICON_NAME = AppIcon;
				CODE_SIGN_ENTITLEMENTS = OnboardingSwiftUI/OnboardingSwiftUI.entitlements;
				CODE_SIGN_STYLE = Automatic;
				DEVELOPMENT_ASSET_PATHS = "\"OnboardingSwiftUI/Preview Content\"";
				DEVELOPMENT_TEAM = FVC2SFVFYG;
				ENABLE_PREVIEWS = YES;
				INFOPLIST_FILE = OnboardingSwiftUI/Info.plist;
				IPHONEOS_DEPLOYMENT_TARGET = 13.4;
				LD_RUNPATH_SEARCH_PATHS = (
					"$(inherited)",
					"@executable_path/Frameworks",
				);
				PRODUCT_BUNDLE_IDENTIFIER = wingover.OnboardingSwiftUI;
				PRODUCT_NAME = "$(TARGET_NAME)";
				SUPPORTS_MACCATALYST = YES;
				SWIFT_VERSION = 5.0;
				TARGETED_DEVICE_FAMILY = "1,2";
			};
			name = Release;
		};
/* End XCBuildConfiguration section */

/* Begin XCConfigurationList section */
		94A608E5249EEE7100BE8DF0 /* Build configuration list for PBXProject "OnboardingSwiftUI" */ = {
			isa = XCConfigurationList;
			buildConfigurations = (
				94A608FC249EEE7400BE8DF0 /* Debug */,
				94A608FD249EEE7400BE8DF0 /* Release */,
			);
			defaultConfigurationIsVisible = 0;
			defaultConfigurationName = Release;
		};
		94A608FE249EEE7400BE8DF0 /* Build configuration list for PBXNativeTarget "OnboardingSwiftUI" */ = {
			isa = XCConfigurationList;
			buildConfigurations = (
				94A608FF249EEE7400BE8DF0 /* Debug */,
				94A60900249EEE7400BE8DF0 /* Release */,
			);
			defaultConfigurationIsVisible = 0;
			defaultConfigurationName = Release;
		};
/* End XCConfigurationList section */
	};
	rootObject = 94A608E2249EEE7100BE8DF0 /* Project object */;
}
